<?xml version="1.0" encoding="utf-8"?>
<Project ToolsVersion="4.0" xmlns="http://schemas.microsoft.com/developer/msbuild/2003">
  <ItemGroup>
    <ClCompile Include="Motor2D\main.cpp" />
    <ClCompile Include="Motor2D\App.cpp">
      <Filter>App</Filter>
    </ClCompile>
    <ClCompile Include="Motor2D\Audio.cpp">
      <Filter>Modules</Filter>
    </ClCompile>
    <ClCompile Include="Motor2D\FileSystem.cpp">
      <Filter>Modules</Filter>
    </ClCompile>
    <ClCompile Include="Motor2D\Input.cpp">
      <Filter>Modules</Filter>
    </ClCompile>
    <ClCompile Include="Motor2D\Scene.cpp">
      <Filter>Modules</Filter>
    </ClCompile>
    <ClCompile Include="Motor2D\Textures.cpp">
      <Filter>Modules</Filter>
    </ClCompile>
    <ClCompile Include="Motor2D\Window.cpp">
      <Filter>Modules</Filter>
    </ClCompile>
    <ClCompile Include="Motor2D\Render.cpp">
      <Filter>Modules</Filter>
    </ClCompile>
    <ClCompile Include="Motor2D\PerfTimer.cpp">
      <Filter>Tools</Filter>
    </ClCompile>
    <ClCompile Include="Motor2D\p2Log.cpp">
      <Filter>Tools</Filter>
    </ClCompile>
    <ClCompile Include="Motor2D\Timer.cpp">
      <Filter>Tools</Filter>
    </ClCompile>
    <ClCompile Include="Motor2D\PugiXml\src\pugixml.cpp">
      <Filter>Tools\PugiXML</Filter>
    </ClCompile>
    <ClCompile Include="Motor2D\EntityManager.cpp">
      <Filter>Modules</Filter>
    </ClCompile>
  </ItemGroup>
  <ItemGroup>
    <ClInclude Include="Motor2D\App.h">
      <Filter>App</Filter>
    </ClInclude>
    <ClInclude Include="Motor2D\Audio.h">
      <Filter>Modules</Filter>
    </ClInclude>
    <ClInclude Include="Motor2D\FileSystem.h">
      <Filter>Modules</Filter>
    </ClInclude>
    <ClInclude Include="Motor2D\Input.h">
      <Filter>Modules</Filter>
    </ClInclude>
    <ClInclude Include="Motor2D\Module.h">
      <Filter>Modules</Filter>
    </ClInclude>
    <ClInclude Include="Motor2D\Scene.h">
      <Filter>Modules</Filter>
    </ClInclude>
    <ClInclude Include="Motor2D\Textures.h">
      <Filter>Modules</Filter>
    </ClInclude>
    <ClInclude Include="Motor2D\Window.h">
      <Filter>Modules</Filter>
    </ClInclude>
    <ClInclude Include="Motor2D\Render.h">
      <Filter>Modules</Filter>
    </ClInclude>
    <ClInclude Include="Motor2D\DList.h">
      <Filter>Tools</Filter>
    </ClInclude>
    <ClInclude Include="Motor2D\DynArray.h">
      <Filter>Tools</Filter>
    </ClInclude>
    <ClInclude Include="Motor2D\p2SString.h">
      <Filter>Tools</Filter>
    </ClInclude>
    <ClInclude Include="Motor2D\Point2d.h">
      <Filter>Tools</Filter>
    </ClInclude>
    <ClInclude Include="Motor2D\PerfTimer.h">
      <Filter>Tools</Filter>
    </ClInclude>
    <ClInclude Include="Motor2D\p2Defs.h">
      <Filter>Tools</Filter>
    </ClInclude>
    <ClInclude Include="Motor2D\p2Log.h">
      <Filter>Tools</Filter>
    </ClInclude>
    <ClInclude Include="Motor2D\Timer.h">
      <Filter>Tools</Filter>
    </ClInclude>
    <ClInclude Include="Motor2D\PugiXml\src\pugiconfig.hpp">
      <Filter>Tools\PugiXML</Filter>
    </ClInclude>
    <ClInclude Include="Motor2D\PugiXml\src\pugixml.hpp">
      <Filter>Tools\PugiXML</Filter>
    </ClInclude>
    <ClInclude Include="Motor2D\EntityManager.h">
      <Filter>Modules</Filter>
    </ClInclude>
  </ItemGroup>
  <ItemGroup>
    <Filter Include="App">
      <UniqueIdentifier>{87d3901a-9977-4a71-9fdb-7dd38ae958fe}</UniqueIdentifier>
    </Filter>
    <Filter Include="Modules">
      <UniqueIdentifier>{3dd6c616-2bbc-4a3f-ac78-c7818a25b59a}</UniqueIdentifier>
    </Filter>
    <Filter Include="Tools">
      <UniqueIdentifier>{0d978649-9715-434c-a148-ca24a3587cc1}</UniqueIdentifier>
    </Filter>
    <Filter Include="External resources">
      <UniqueIdentifier>{91af87fd-4844-4c3d-a046-121134d7eaea}</UniqueIdentifier>
    </Filter>
    <Filter Include="Tools\PugiXML">
      <UniqueIdentifier>{8a565efc-6239-44f7-92b8-b1e615e39968}</UniqueIdentifier>
    </Filter>
  </ItemGroup>
  <ItemGroup>
    <Xml Include="Game\config.xml">
      <Filter>External resources</Filter>
    </Xml>
  </ItemGroup>
</Project>